
Microsoft Visual Studio Solution File, Format Version 12.00
# Visual Studio Version 16
VisualStudioVersion = 16.0.29709.97
MinimumVisualStudioVersion = 10.0.40219.1
Project("{FAE04EC0-301F-11D3-BF4B-00C04F79EFBC}") = "LibraryManagement.Domain.Model", "LibraryManagement.Domain.Model\LibraryManagement.Domain.Model.csproj", "{DA75C883-F2D8-429E-A088-C1723D3FADAE}"
EndProject
Project("{FAE04EC0-301F-11D3-BF4B-00C04F79EFBC}") = "LibraryManagement.Infrastructure", "LibraryManagement.Infrastructure\LibraryManagement.Infrastructure.csproj", "{BEB5DD54-ED46-4DB4-A328-5E1B008E6274}"
EndProject
Project("{FAE04EC0-301F-11D3-BF4B-00C04F79EFBC}") = "LibraryManagement.Domain.Base", "LibraryManagement.Domain.Base\LibraryManagement.Domain.Base.csproj", "{33B3C917-225F-428C-B85C-1BBC4D14B6BE}"
EndProject
Project("{FAE04EC0-301F-11D3-BF4B-00C04F79EFBC}") = "LibraryManagement.ApplicationService", "LibraryManagement.ApplicationService\LibraryManagement.ApplicationService.csproj", "{010699B6-3E46-44D7-91DE-F328D40194AB}"
EndProject
Project("{FAE04EC0-301F-11D3-BF4B-00C04F79EFBC}") = "LibraryManagement", "LibraryManagement\LibraryManagement.csproj", "{5766DEEF-5B38-430F-85DB-9332B0701A47}"
EndProject
Global
	GlobalSection(SolutionConfigurationPlatforms) = preSolution
		Debug|Any CPU = Debug|Any CPU
		Release|Any CPU = Release|Any CPU
	EndGlobalSection
	GlobalSection(ProjectConfigurationPlatforms) = postSolution
		{DA75C883-F2D8-429E-A088-C1723D3FADAE}.Debug|Any CPU.ActiveCfg = Debug|Any CPU
		{DA75C883-F2D8-429E-A088-C1723D3FADAE}.Debug|Any CPU.Build.0 = Debug|Any CPU
		{DA75C883-F2D8-429E-A088-C1723D3FADAE}.Release|Any CPU.ActiveCfg = Release|Any CPU
		{DA75C883-F2D8-429E-A088-C1723D3FADAE}.Release|Any CPU.Build.0 = Release|Any CPU
		{BEB5DD54-ED46-4DB4-A328-5E1B008E6274}.Debug|Any CPU.ActiveCfg = Debug|Any CPU
		{BEB5DD54-ED46-4DB4-A328-5E1B008E6274}.Debug|Any CPU.Build.0 = Debug|Any CPU
		{BEB5DD54-ED46-4DB4-A328-5E1B008E6274}.Release|Any CPU.ActiveCfg = Release|Any CPU
		{BEB5DD54-ED46-4DB4-A328-5E1B008E6274}.Release|Any CPU.Build.0 = Release|Any CPU
		{33B3C917-225F-428C-B85C-1BBC4D14B6BE}.Debug|Any CPU.ActiveCfg = Debug|Any CPU
		{33B3C917-225F-428C-B85C-1BBC4D14B6BE}.Debug|Any CPU.Build.0 = Debug|Any CPU
		{33B3C917-225F-428C-B85C-1BBC4D14B6BE}.Release|Any CPU.ActiveCfg = Release|Any CPU
		{33B3C917-225F-428C-B85C-1BBC4D14B6BE}.Release|Any CPU.Build.0 = Release|Any CPU
		{010699B6-3E46-44D7-91DE-F328D40194AB}.Debug|Any CPU.ActiveCfg = Debug|Any CPU
		{010699B6-3E46-44D7-91DE-F328D40194AB}.Debug|Any CPU.Build.0 = Debug|Any CPU
		{010699B6-3E46-44D7-91DE-F328D40194AB}.Release|Any CPU.ActiveCfg = Release|Any CPU
		{010699B6-3E46-44D7-91DE-F328D40194AB}.Release|Any CPU.Build.0 = Release|Any CPU
		{5766DEEF-5B38-430F-85DB-9332B0701A47}.Debug|Any CPU.ActiveCfg = Debug|Any CPU
		{5766DEEF-5B38-430F-85DB-9332B0701A47}.Debug|Any CPU.Build.0 = Debug|Any CPU
		{5766DEEF-5B38-430F-85DB-9332B0701A47}.Release|Any CPU.ActiveCfg = Release|Any CPU
		{5766DEEF-5B38-430F-85DB-9332B0701A47}.Release|Any CPU.Build.0 = Release|Any CPU
	EndGlobalSection
	GlobalSection(SolutionProperties) = preSolution
		HideSolutionNode = FALSE
	EndGlobalSection
	GlobalSection(ExtensibilityGlobals) = postSolution
		SolutionGuid = {A8C187E0-16C8-429D-A2F8-CF108B8DD83D}
	EndGlobalSection
EndGlobal
